
Microsoft Visual Studio Solution File, Format Version 12.00
# Visual Studio Version 16
VisualStudioVersion = 16.0.31624.102
MinimumVisualStudioVersion = 10.0.40219.1
Project("{8BC9CEB8-8B4A-11D0-8D11-00A0C91BC942}") = "test_2022_1_29_bit_13", "test_2022_1_29_bit_13\test_2022_1_29_bit_13.vcxproj", "{3CE124CC-3299-4DEA-B8B3-122DDC5BDA19}"
EndProject
Global
	GlobalSection(SolutionConfigurationPlatforms) = preSolution
		Debug|x64 = Debug|x64
		Debug|x86 = Debug|x86
		Release|x64 = Release|x64
		Release|x86 = Release|x86
	EndGlobalSection
	GlobalSection(ProjectConfigurationPlatforms) = postSolution
		{3CE124CC-3299-4DEA-B8B3-122DDC5BDA19}.Debug|x64.ActiveCfg = Debug|x64
		{3CE124CC-3299-4DEA-B8B3-122DDC5BDA19}.Debug|x64.Build.0 = Debug|x64
		{3CE124CC-3299-4DEA-B8B3-122DDC5BDA19}.Debug|x86.ActiveCfg = Debug|Win32
		{3CE124CC-3299-4DEA-B8B3-122DDC5BDA19}.Debug|x86.Build.0 = Debug|Win32
		{3CE124CC-3299-4DEA-B8B3-122DDC5BDA19}.Release|x64.ActiveCfg = Release|x64
		{3CE124CC-3299-4DEA-B8B3-122DDC5BDA19}.Release|x64.Build.0 = Release|x64
		{3CE124CC-3299-4DEA-B8B3-122DDC5BDA19}.Release|x86.ActiveCfg = Release|Win32
		{3CE124CC-3299-4DEA-B8B3-122DDC5BDA19}.Release|x86.Build.0 = Release|Win32
	EndGlobalSection
	GlobalSection(SolutionProperties) = preSolution
		HideSolutionNode = FALSE
	EndGlobalSection
	GlobalSection(ExtensibilityGlobals) = postSolution
		SolutionGuid = {356D96A6-5EC1-4CD3-9A0E-5363A1F9337D}
	EndGlobalSection
EndGlobal
